
Microsoft Visual Studio Solution File, Format Version 12.00
# Visual Studio Version 16
VisualStudioVersion = 16.0.30002.166
MinimumVisualStudioVersion = 10.0.40219.1
Project("{FAE04EC0-301F-11D3-BF4B-00C04F79EFBC}") = "ForIteration", "ForIteration\ForIteration.csproj", "{8B072A24-A43A-40EC-B694-803C4DE0A920}"
EndProject
Global
	GlobalSection(SolutionConfigurationPlatforms) = preSolution
		Debug|Any CPU = Debug|Any CPU
		Release|Any CPU = Release|Any CPU
	EndGlobalSection
	GlobalSection(ProjectConfigurationPlatforms) = postSolution
		{8B072A24-A43A-40EC-B694-803C4DE0A920}.Debug|Any CPU.ActiveCfg = Debug|Any CPU
		{8B072A24-A43A-40EC-B694-803C4DE0A920}.Debug|Any CPU.Build.0 = Debug|Any CPU
		{8B072A24-A43A-40EC-B694-803C4DE0A920}.Release|Any CPU.ActiveCfg = Release|Any CPU
		{8B072A24-A43A-40EC-B694-803C4DE0A920}.Release|Any CPU.Build.0 = Release|Any CPU
	EndGlobalSection
	GlobalSection(SolutionProperties) = preSolution
		HideSolutionNode = FALSE
	EndGlobalSection
	GlobalSection(ExtensibilityGlobals) = postSolution
		SolutionGuid = {880C325E-D737-4A33-A512-3E39D5CE4F97}
	EndGlobalSection
EndGlobal
